
Microsoft Visual Studio Solution File, Format Version 12.00
# Visual Studio Version 17
VisualStudioVersion = 17.11.35312.102
MinimumVisualStudioVersion = 10.0.40219.1
Project("{2150E333-8FDC-42A3-9474-1A3956D46DE8}") = "Task0", "Task0", "{4613C07D-772D-4B75-AB1A-069ED840D5BB}"
EndProject
Project("{9A19103F-16F7-4668-BE54-9A1E7A4F7556}") = "Tyuiu.RubankoGV.Sprint3.Task0.V4", "Tyuiu.RubankoGV.Sprint3.Task0.V4\Tyuiu.RubankoGV.Sprint3.Task0.V4.csproj", "{F1B5D736-44EC-4FB7-8683-88102D93B309}"
EndProject
Project("{9A19103F-16F7-4668-BE54-9A1E7A4F7556}") = "Tyuiu.RubankoGV.Sprint3.Task0.V4.Lib", "Tyuiu.RubankoGV.Sprint3.Task0.V4.Lib\Tyuiu.RubankoGV.Sprint3.Task0.V4.Lib.csproj", "{F4CB4E75-3868-40E7-B8CA-9129DD008797}"
EndProject
Project("{9A19103F-16F7-4668-BE54-9A1E7A4F7556}") = "Tyuiu.RubankoGV.Sprint3.Task0.V4.Test", "Tyuiu.RubankoGV.Sprint3.Task0.V4.Test\Tyuiu.RubankoGV.Sprint3.Task0.V4.Test.csproj", "{265D95F6-2C26-459F-8ACE-4D52A7ECF14A}"
EndProject
Project("{2150E333-8FDC-42A3-9474-1A3956D46DE8}") = "Task1", "Task1", "{E3DA87DD-8A00-4A11-A5D7-71696761D6E2}"
EndProject
Project("{9A19103F-16F7-4668-BE54-9A1E7A4F7556}") = "Tyuiu.RubankoGV.Sprint3.Task1.V12", "Tyuiu.RubankoGV.Sprint3.Task1.V12\Tyuiu.RubankoGV.Sprint3.Task1.V12.csproj", "{815402C3-40B9-4C1C-A3DB-70B29F66B216}"
EndProject
Project("{9A19103F-16F7-4668-BE54-9A1E7A4F7556}") = "Tyuiu.RubankoGV.Sprint3.Task1.V12.Lib", "Tyuiu.RubankoGV.Sprint3.Task1.V12.Lib\Tyuiu.RubankoGV.Sprint3.Task1.V12.Lib.csproj", "{AB98218C-D130-4081-9768-B00F0FAFB477}"
EndProject
Project("{9A19103F-16F7-4668-BE54-9A1E7A4F7556}") = "Tyuiu.RubankoGV.Sprint3.Task1.V12.Test", "Tyuiu.RubankoGV.Sprint3.Task1.V12.Test\Tyuiu.RubankoGV.Sprint3.Task1.V12.Test.csproj", "{6BADAB95-9D38-4AEF-A57E-7F44B2E3300B}"
EndProject
Project("{2150E333-8FDC-42A3-9474-1A3956D46DE8}") = "Task2", "Task2", "{5CA7F5A5-9663-405A-845D-596FE5E734BB}"
EndProject
Project("{9A19103F-16F7-4668-BE54-9A1E7A4F7556}") = "Tyuiu.RubankoGV.Sprint3.Task2.V9", "Tyuiu.RubankoGV.Sprint3.Task2.V9\Tyuiu.RubankoGV.Sprint3.Task2.V9.csproj", "{A70B4BDF-0794-472F-9A1D-A7989251D0D2}"
EndProject
Project("{9A19103F-16F7-4668-BE54-9A1E7A4F7556}") = "Tyuiu.RubankoGV.Sprint3.Task2.V9.Lib", "Tyuiu.RubankoGV.Sprint3.Task2.V9.Lib\Tyuiu.RubankoGV.Sprint3.Task2.V9.Lib.csproj", "{424201AE-642F-4B0D-A641-EB04AB617D04}"
EndProject
Project("{9A19103F-16F7-4668-BE54-9A1E7A4F7556}") = "Tyuiu.RubankoGV.Sprint3.Task2.V9.Test", "Tyuiu.RubankoGV.Sprint3.Task2.V9.Test\Tyuiu.RubankoGV.Sprint3.Task2.V9.Test.csproj", "{90B85EAC-1A55-4758-9844-27BA25C0DF2C}"
EndProject
Project("{2150E333-8FDC-42A3-9474-1A3956D46DE8}") = "Task3", "Task3", "{B87B2A40-C642-4EB3-918B-6E6D268038B5}"
EndProject
Project("{FAE04EC0-301F-11D3-BF4B-00C04F79EFBC}") = "Tyuiu.RubankoGV.Sprint3.Task3.V8", "Tyuiu.RubankoGV.Sprint3.Task3.V8\Tyuiu.RubankoGV.Sprint3.Task3.V8.csproj", "{6922EF28-BE06-48F5-B58E-898100742D08}"
EndProject
Project("{FAE04EC0-301F-11D3-BF4B-00C04F79EFBC}") = "Tyuiu.RubankoGV.Sprint3.Task3.V8.Lib", "Tyuiu.RubankoGV.Sprint3.Task3.V8.Lib\Tyuiu.RubankoGV.Sprint3.Task3.V8.Lib.csproj", "{E4FD684B-A42C-4E55-85E4-6259CBADE9CE}"
EndProject
Project("{FAE04EC0-301F-11D3-BF4B-00C04F79EFBC}") = "Tyuiu.RubankoGV.Sprint3.Task3.V8.Test", "Tyuiu.RubankoGV.Sprint3.Task3.V8.Test\Tyuiu.RubankoGV.Sprint3.Task3.V8.Test.csproj", "{CB1B47E5-563F-4053-9DF9-4B6065B25DB5}"
EndProject
Project("{2150E333-8FDC-42A3-9474-1A3956D46DE8}") = "Task4", "Task4", "{C228AB73-9ACB-430A-B694-0849F05EEA66}"
EndProject
Project("{FAE04EC0-301F-11D3-BF4B-00C04F79EFBC}") = "Tyuiu.RubankoGV.Sprint3.Task4.V30", "Tyuiu.RubankoGV.Sprint3.Task4.V30\Tyuiu.RubankoGV.Sprint3.Task4.V30.csproj", "{09C643BC-808A-4AE1-AE1E-C951BC00116C}"
EndProject
Project("{FAE04EC0-301F-11D3-BF4B-00C04F79EFBC}") = "Tyuiu.RubankoGV.Sprint3.Task4.V30.Lib", "Tyuiu.RubankoGV.Sprint3.Task4.V30.Lib\Tyuiu.RubankoGV.Sprint3.Task4.V30.Lib.csproj", "{DB061C33-2786-4B2D-8FAB-81901F5167FA}"
EndProject
Project("{FAE04EC0-301F-11D3-BF4B-00C04F79EFBC}") = "Tyuiu.RubankoGV.Sprint3.Task4.V30.Test", "Tyuiu.RubankoGV.Sprint3.Task4.V30.Test\Tyuiu.RubankoGV.Sprint3.Task4.V30.Test.csproj", "{076805C9-884C-4D30-8B7B-703B1BE387A3}"
EndProject
Project("{2150E333-8FDC-42A3-9474-1A3956D46DE8}") = "Task5", "Task5", "{BFC01B21-D4B9-409D-92BD-6CA40E8DFDEE}"
EndProject
Project("{FAE04EC0-301F-11D3-BF4B-00C04F79EFBC}") = "Tyuiu.RubankoGV.Sprint3.Task5.V30", "Tyuiu.RubankoGV.Sprint3.Task5.V30\Tyuiu.RubankoGV.Sprint3.Task5.V30.csproj", "{66A7FCE2-56B5-42CE-9899-637422D04C13}"
EndProject
Project("{FAE04EC0-301F-11D3-BF4B-00C04F79EFBC}") = "Tyuiu.RubankoGV.Sprint3.Task5.V30.Lib", "Tyuiu.RubankoGV.Sprint3.Task5.V30.Lib\Tyuiu.RubankoGV.Sprint3.Task5.V30.Lib.csproj", "{69B03289-A050-41CB-BCCE-47BB3EA62C4E}"
EndProject
Project("{FAE04EC0-301F-11D3-BF4B-00C04F79EFBC}") = "Tyuiu.RubankoGV.Sprint3.Task5.V30.Test", "Tyuiu.RubankoGV.Sprint3.Task5.V30.Test\Tyuiu.RubankoGV.Sprint3.Task5.V30.Test.csproj", "{167A5DB9-C62F-4349-A358-7EF50D5D209E}"
EndProject
Global
	GlobalSection(SolutionConfigurationPlatforms) = preSolution
		Debug|Any CPU = Debug|Any CPU
		Release|Any CPU = Release|Any CPU
	EndGlobalSection
	GlobalSection(ProjectConfigurationPlatforms) = postSolution
		{F1B5D736-44EC-4FB7-8683-88102D93B309}.Debug|Any CPU.ActiveCfg = Debug|Any CPU
		{F1B5D736-44EC-4FB7-8683-88102D93B309}.Debug|Any CPU.Build.0 = Debug|Any CPU
		{F1B5D736-44EC-4FB7-8683-88102D93B309}.Release|Any CPU.ActiveCfg = Release|Any CPU
		{F1B5D736-44EC-4FB7-8683-88102D93B309}.Release|Any CPU.Build.0 = Release|Any CPU
		{F4CB4E75-3868-40E7-B8CA-9129DD008797}.Debug|Any CPU.ActiveCfg = Debug|Any CPU
		{F4CB4E75-3868-40E7-B8CA-9129DD008797}.Debug|Any CPU.Build.0 = Debug|Any CPU
		{F4CB4E75-3868-40E7-B8CA-9129DD008797}.Release|Any CPU.ActiveCfg = Release|Any CPU
		{F4CB4E75-3868-40E7-B8CA-9129DD008797}.Release|Any CPU.Build.0 = Release|Any CPU
		{265D95F6-2C26-459F-8ACE-4D52A7ECF14A}.Debug|Any CPU.ActiveCfg = Debug|Any CPU
		{265D95F6-2C26-459F-8ACE-4D52A7ECF14A}.Debug|Any CPU.Build.0 = Debug|Any CPU
		{265D95F6-2C26-459F-8ACE-4D52A7ECF14A}.Release|Any CPU.ActiveCfg = Release|Any CPU
		{265D95F6-2C26-459F-8ACE-4D52A7ECF14A}.Release|Any CPU.Build.0 = Release|Any CPU
		{815402C3-40B9-4C1C-A3DB-70B29F66B216}.Debug|Any CPU.ActiveCfg = Debug|Any CPU
		{815402C3-40B9-4C1C-A3DB-70B29F66B216}.Debug|Any CPU.Build.0 = Debug|Any CPU
		{815402C3-40B9-4C1C-A3DB-70B29F66B216}.Release|Any CPU.ActiveCfg = Release|Any CPU
		{815402C3-40B9-4C1C-A3DB-70B29F66B216}.Release|Any CPU.Build.0 = Release|Any CPU
		{AB98218C-D130-4081-9768-B00F0FAFB477}.Debug|Any CPU.ActiveCfg = Debug|Any CPU
		{AB98218C-D130-4081-9768-B00F0FAFB477}.Debug|Any CPU.Build.0 = Debug|Any CPU
		{AB98218C-D130-4081-9768-B00F0FAFB477}.Release|Any CPU.ActiveCfg = Release|Any CPU
		{AB98218C-D130-4081-9768-B00F0FAFB477}.Release|Any CPU.Build.0 = Release|Any CPU
		{6BADAB95-9D38-4AEF-A57E-7F44B2E3300B}.Debug|Any CPU.ActiveCfg = Debug|Any CPU
		{6BADAB95-9D38-4AEF-A57E-7F44B2E3300B}.Debug|Any CPU.Build.0 = Debug|Any CPU
		{6BADAB95-9D38-4AEF-A57E-7F44B2E3300B}.Release|Any CPU.ActiveCfg = Release|Any CPU
		{6BADAB95-9D38-4AEF-A57E-7F44B2E3300B}.Release|Any CPU.Build.0 = Release|Any CPU
		{A70B4BDF-0794-472F-9A1D-A7989251D0D2}.Debug|Any CPU.ActiveCfg = Debug|Any CPU
		{A70B4BDF-0794-472F-9A1D-A7989251D0D2}.Debug|Any CPU.Build.0 = Debug|Any CPU
		{A70B4BDF-0794-472F-9A1D-A7989251D0D2}.Release|Any CPU.ActiveCfg = Release|Any CPU
		{A70B4BDF-0794-472F-9A1D-A7989251D0D2}.Release|Any CPU.Build.0 = Release|Any CPU
		{424201AE-642F-4B0D-A641-EB04AB617D04}.Debug|Any CPU.ActiveCfg = Debug|Any CPU
		{424201AE-642F-4B0D-A641-EB04AB617D04}.Debug|Any CPU.Build.0 = Debug|Any CPU
		{424201AE-642F-4B0D-A641-EB04AB617D04}.Release|Any CPU.ActiveCfg = Release|Any CPU
		{424201AE-642F-4B0D-A641-EB04AB617D04}.Release|Any CPU.Build.0 = Release|Any CPU
		{90B85EAC-1A55-4758-9844-27BA25C0DF2C}.Debug|Any CPU.ActiveCfg = Debug|Any CPU
		{90B85EAC-1A55-4758-9844-27BA25C0DF2C}.Debug|Any CPU.Build.0 = Debug|Any CPU
		{90B85EAC-1A55-4758-9844-27BA25C0DF2C}.Release|Any CPU.ActiveCfg = Release|Any CPU
		{90B85EAC-1A55-4758-9844-27BA25C0DF2C}.Release|Any CPU.Build.0 = Release|Any CPU
		{6922EF28-BE06-48F5-B58E-898100742D08}.Debug|Any CPU.ActiveCfg = Debug|Any CPU
		{6922EF28-BE06-48F5-B58E-898100742D08}.Debug|Any CPU.Build.0 = Debug|Any CPU
		{6922EF28-BE06-48F5-B58E-898100742D08}.Release|Any CPU.ActiveCfg = Release|Any CPU
		{6922EF28-BE06-48F5-B58E-898100742D08}.Release|Any CPU.Build.0 = Release|Any CPU
		{E4FD684B-A42C-4E55-85E4-6259CBADE9CE}.Debug|Any CPU.ActiveCfg = Debug|Any CPU
		{E4FD684B-A42C-4E55-85E4-6259CBADE9CE}.Debug|Any CPU.Build.0 = Debug|Any CPU
		{E4FD684B-A42C-4E55-85E4-6259CBADE9CE}.Release|Any CPU.ActiveCfg = Release|Any CPU
		{E4FD684B-A42C-4E55-85E4-6259CBADE9CE}.Release|Any CPU.Build.0 = Release|Any CPU
		{CB1B47E5-563F-4053-9DF9-4B6065B25DB5}.Debug|Any CPU.ActiveCfg = Debug|Any CPU
		{CB1B47E5-563F-4053-9DF9-4B6065B25DB5}.Debug|Any CPU.Build.0 = Debug|Any CPU
		{CB1B47E5-563F-4053-9DF9-4B6065B25DB5}.Release|Any CPU.ActiveCfg = Release|Any CPU
		{CB1B47E5-563F-4053-9DF9-4B6065B25DB5}.Release|Any CPU.Build.0 = Release|Any CPU
		{09C643BC-808A-4AE1-AE1E-C951BC00116C}.Debug|Any CPU.ActiveCfg = Debug|Any CPU
		{09C643BC-808A-4AE1-AE1E-C951BC00116C}.Debug|Any CPU.Build.0 = Debug|Any CPU
		{09C643BC-808A-4AE1-AE1E-C951BC00116C}.Release|Any CPU.ActiveCfg = Release|Any CPU
		{09C643BC-808A-4AE1-AE1E-C951BC00116C}.Release|Any CPU.Build.0 = Release|Any CPU
		{DB061C33-2786-4B2D-8FAB-81901F5167FA}.Debug|Any CPU.ActiveCfg = Debug|Any CPU
		{DB061C33-2786-4B2D-8FAB-81901F5167FA}.Debug|Any CPU.Build.0 = Debug|Any CPU
		{DB061C33-2786-4B2D-8FAB-81901F5167FA}.Release|Any CPU.ActiveCfg = Release|Any CPU
		{DB061C33-2786-4B2D-8FAB-81901F5167FA}.Release|Any CPU.Build.0 = Release|Any CPU
		{076805C9-884C-4D30-8B7B-703B1BE387A3}.Debug|Any CPU.ActiveCfg = Debug|Any CPU
		{076805C9-884C-4D30-8B7B-703B1BE387A3}.Debug|Any CPU.Build.0 = Debug|Any CPU
		{076805C9-884C-4D30-8B7B-703B1BE387A3}.Release|Any CPU.ActiveCfg = Release|Any CPU
		{076805C9-884C-4D30-8B7B-703B1BE387A3}.Release|Any CPU.Build.0 = Release|Any CPU
		{66A7FCE2-56B5-42CE-9899-637422D04C13}.Debug|Any CPU.ActiveCfg = Debug|Any CPU
		{66A7FCE2-56B5-42CE-9899-637422D04C13}.Debug|Any CPU.Build.0 = Debug|Any CPU
		{66A7FCE2-56B5-42CE-9899-637422D04C13}.Release|Any CPU.ActiveCfg = Release|Any CPU
		{66A7FCE2-56B5-42CE-9899-637422D04C13}.Release|Any CPU.Build.0 = Release|Any CPU
		{69B03289-A050-41CB-BCCE-47BB3EA62C4E}.Debug|Any CPU.ActiveCfg = Debug|Any CPU
		{69B03289-A050-41CB-BCCE-47BB3EA62C4E}.Debug|Any CPU.Build.0 = Debug|Any CPU
		{69B03289-A050-41CB-BCCE-47BB3EA62C4E}.Release|Any CPU.ActiveCfg = Release|Any CPU
		{69B03289-A050-41CB-BCCE-47BB3EA62C4E}.Release|Any CPU.Build.0 = Release|Any CPU
		{167A5DB9-C62F-4349-A358-7EF50D5D209E}.Debug|Any CPU.ActiveCfg = Debug|Any CPU
		{167A5DB9-C62F-4349-A358-7EF50D5D209E}.Debug|Any CPU.Build.0 = Debug|Any CPU
		{167A5DB9-C62F-4349-A358-7EF50D5D209E}.Release|Any CPU.ActiveCfg = Release|Any CPU
		{167A5DB9-C62F-4349-A358-7EF50D5D209E}.Release|Any CPU.Build.0 = Release|Any CPU
	EndGlobalSection
	GlobalSection(SolutionProperties) = preSolution
		HideSolutionNode = FALSE
	EndGlobalSection
	GlobalSection(NestedProjects) = preSolution
		{F1B5D736-44EC-4FB7-8683-88102D93B309} = {4613C07D-772D-4B75-AB1A-069ED840D5BB}
		{F4CB4E75-3868-40E7-B8CA-9129DD008797} = {4613C07D-772D-4B75-AB1A-069ED840D5BB}
		{265D95F6-2C26-459F-8ACE-4D52A7ECF14A} = {4613C07D-772D-4B75-AB1A-069ED840D5BB}
		{815402C3-40B9-4C1C-A3DB-70B29F66B216} = {E3DA87DD-8A00-4A11-A5D7-71696761D6E2}
		{AB98218C-D130-4081-9768-B00F0FAFB477} = {E3DA87DD-8A00-4A11-A5D7-71696761D6E2}
		{6BADAB95-9D38-4AEF-A57E-7F44B2E3300B} = {E3DA87DD-8A00-4A11-A5D7-71696761D6E2}
		{A70B4BDF-0794-472F-9A1D-A7989251D0D2} = {5CA7F5A5-9663-405A-845D-596FE5E734BB}
		{424201AE-642F-4B0D-A641-EB04AB617D04} = {5CA7F5A5-9663-405A-845D-596FE5E734BB}
		{90B85EAC-1A55-4758-9844-27BA25C0DF2C} = {5CA7F5A5-9663-405A-845D-596FE5E734BB}
		{6922EF28-BE06-48F5-B58E-898100742D08} = {B87B2A40-C642-4EB3-918B-6E6D268038B5}
		{E4FD684B-A42C-4E55-85E4-6259CBADE9CE} = {B87B2A40-C642-4EB3-918B-6E6D268038B5}
		{CB1B47E5-563F-4053-9DF9-4B6065B25DB5} = {B87B2A40-C642-4EB3-918B-6E6D268038B5}
		{09C643BC-808A-4AE1-AE1E-C951BC00116C} = {C228AB73-9ACB-430A-B694-0849F05EEA66}
		{DB061C33-2786-4B2D-8FAB-81901F5167FA} = {C228AB73-9ACB-430A-B694-0849F05EEA66}
		{076805C9-884C-4D30-8B7B-703B1BE387A3} = {C228AB73-9ACB-430A-B694-0849F05EEA66}
		{66A7FCE2-56B5-42CE-9899-637422D04C13} = {BFC01B21-D4B9-409D-92BD-6CA40E8DFDEE}
		{69B03289-A050-41CB-BCCE-47BB3EA62C4E} = {BFC01B21-D4B9-409D-92BD-6CA40E8DFDEE}
		{167A5DB9-C62F-4349-A358-7EF50D5D209E} = {BFC01B21-D4B9-409D-92BD-6CA40E8DFDEE}
	EndGlobalSection
	GlobalSection(ExtensibilityGlobals) = postSolution
		SolutionGuid = {93E33854-810B-449C-81C9-D541F1958663}
	EndGlobalSection
EndGlobal
